{
  "name": "pagan-artifact",
  "version": "0.3.5",
  "lockfileVersion": 3,
  "requires": true,
  "packages": {
    "": {
      "name": "pagan-artifact",
      "version": "0.3.5",
      "license": "ISC",
      "bin": {
        "art": "bin/art.js"
      },
      "engines": {
        "node": ">=24.11.0"
      }
    }
  }
}
